
Microsoft Visual Studio Solution File, Format Version 12.00
# Visual Studio Version 17
VisualStudioVersion = 17.5.33502.453
MinimumVisualStudioVersion = 10.0.40219.1
Project("{FAE04EC0-301F-11D3-BF4B-00C04F79EFBC}") = "RI_UserAPI", "WebApplication6\RI_UserAPI.csproj", "{17E02684-C63C-4E78-9A22-BC9B808CA255}"
EndProject
Global
	GlobalSection(SolutionConfigurationPlatforms) = preSolution
		Debug|Any CPU = Debug|Any CPU
		Release|Any CPU = Release|Any CPU
	EndGlobalSection
	GlobalSection(ProjectConfigurationPlatforms) = postSolution
		{17E02684-C63C-4E78-9A22-BC9B808CA255}.Debug|Any CPU.ActiveCfg = Debug|Any CPU
		{17E02684-C63C-4E78-9A22-BC9B808CA255}.Debug|Any CPU.Build.0 = Debug|Any CPU
		{17E02684-C63C-4E78-9A22-BC9B808CA255}.Release|Any CPU.ActiveCfg = Release|Any CPU
		{17E02684-C63C-4E78-9A22-BC9B808CA255}.Release|Any CPU.Build.0 = Release|Any CPU
	EndGlobalSection
	GlobalSection(SolutionProperties) = preSolution
		HideSolutionNode = FALSE
	EndGlobalSection
	GlobalSection(ExtensibilityGlobals) = postSolution
		SolutionGuid = {E07908A0-56CB-4506-A75C-0EC1B68BCB3B}
	EndGlobalSection
EndGlobal
